
Microsoft Visual Studio Solution File, Format Version 12.00
# Visual Studio 15
VisualStudioVersion = 15.0.28010.2026
MinimumVisualStudioVersion = 10.0.40219.1
Project("{FAE04EC0-301F-11D3-BF4B-00C04F79EFBC}") = "1.SingleInheritance", "1.SingleInheritance\1.SingleInheritance.csproj", "{207E4A19-E46F-41CE-B8EC-7A3801C2F18F}"
EndProject
Project("{FAE04EC0-301F-11D3-BF4B-00C04F79EFBC}") = "2.MultipleInheritance", "2.MultipleInheritance\2.MultipleInheritance.csproj", "{6C9B5AB7-CB8C-401A-B824-7E10F7256F3C}"
EndProject
Project("{FAE04EC0-301F-11D3-BF4B-00C04F79EFBC}") = "3.HierarchicalInheritance", "3.HierarchicalInheritance\3.HierarchicalInheritance.csproj", "{1037BCD2-6E7F-466B-A695-37691DE69B6F}"
EndProject
Project("{FAE04EC0-301F-11D3-BF4B-00C04F79EFBC}") = "4.RandomList", "4.RandomList\4.RandomList.csproj", "{1E05181E-A878-45A2-8015-5257D1F1EA78}"
EndProject
Project("{FAE04EC0-301F-11D3-BF4B-00C04F79EFBC}") = "5.StackOfStrings", "5.StackOfStrings\5.StackOfStrings.csproj", "{B94192C5-0351-4137-9554-349C2D837E2E}"
EndProject
Global
	GlobalSection(SolutionConfigurationPlatforms) = preSolution
		Debug|Any CPU = Debug|Any CPU
		Release|Any CPU = Release|Any CPU
	EndGlobalSection
	GlobalSection(ProjectConfigurationPlatforms) = postSolution
		{207E4A19-E46F-41CE-B8EC-7A3801C2F18F}.Debug|Any CPU.ActiveCfg = Debug|Any CPU
		{207E4A19-E46F-41CE-B8EC-7A3801C2F18F}.Debug|Any CPU.Build.0 = Debug|Any CPU
		{207E4A19-E46F-41CE-B8EC-7A3801C2F18F}.Release|Any CPU.ActiveCfg = Release|Any CPU
		{207E4A19-E46F-41CE-B8EC-7A3801C2F18F}.Release|Any CPU.Build.0 = Release|Any CPU
		{6C9B5AB7-CB8C-401A-B824-7E10F7256F3C}.Debug|Any CPU.ActiveCfg = Debug|Any CPU
		{6C9B5AB7-CB8C-401A-B824-7E10F7256F3C}.Debug|Any CPU.Build.0 = Debug|Any CPU
		{6C9B5AB7-CB8C-401A-B824-7E10F7256F3C}.Release|Any CPU.ActiveCfg = Release|Any CPU
		{6C9B5AB7-CB8C-401A-B824-7E10F7256F3C}.Release|Any CPU.Build.0 = Release|Any CPU
		{1037BCD2-6E7F-466B-A695-37691DE69B6F}.Debug|Any CPU.ActiveCfg = Debug|Any CPU
		{1037BCD2-6E7F-466B-A695-37691DE69B6F}.Debug|Any CPU.Build.0 = Debug|Any CPU
		{1037BCD2-6E7F-466B-A695-37691DE69B6F}.Release|Any CPU.ActiveCfg = Release|Any CPU
		{1037BCD2-6E7F-466B-A695-37691DE69B6F}.Release|Any CPU.Build.0 = Release|Any CPU
		{1E05181E-A878-45A2-8015-5257D1F1EA78}.Debug|Any CPU.ActiveCfg = Debug|Any CPU
		{1E05181E-A878-45A2-8015-5257D1F1EA78}.Debug|Any CPU.Build.0 = Debug|Any CPU
		{1E05181E-A878-45A2-8015-5257D1F1EA78}.Release|Any CPU.ActiveCfg = Release|Any CPU
		{1E05181E-A878-45A2-8015-5257D1F1EA78}.Release|Any CPU.Build.0 = Release|Any CPU
		{B94192C5-0351-4137-9554-349C2D837E2E}.Debug|Any CPU.ActiveCfg = Debug|Any CPU
		{B94192C5-0351-4137-9554-349C2D837E2E}.Debug|Any CPU.Build.0 = Debug|Any CPU
		{B94192C5-0351-4137-9554-349C2D837E2E}.Release|Any CPU.ActiveCfg = Release|Any CPU
		{B94192C5-0351-4137-9554-349C2D837E2E}.Release|Any CPU.Build.0 = Release|Any CPU
	EndGlobalSection
	GlobalSection(SolutionProperties) = preSolution
		HideSolutionNode = FALSE
	EndGlobalSection
	GlobalSection(ExtensibilityGlobals) = postSolution
		SolutionGuid = {F77CD06D-115A-461E-94A7-4B350FA4C881}
	EndGlobalSection
EndGlobal
