
Microsoft Visual Studio Solution File, Format Version 12.00
# Visual Studio 15
VisualStudioVersion = 15.0.28010.2026
MinimumVisualStudioVersion = 10.0.40219.1
Project("{9A19103F-16F7-4668-BE54-9A1E7A4F7556}") = "1.ClassBox", "1.ClassBox\1.ClassBox.csproj", "{8FF598F9-748D-4C35-AC50-D6851ADDCD94}"
EndProject
Project("{9A19103F-16F7-4668-BE54-9A1E7A4F7556}") = "2.ClassBoxDataValidation", "2.ClassBoxDataValidation\2.ClassBoxDataValidation.csproj", "{88BC0BAF-BF2D-4D33-9F10-7E59293DDE8D}"
EndProject
Project("{9A19103F-16F7-4668-BE54-9A1E7A4F7556}") = "3.AnimalFarm", "3.AnimalFarm\3.AnimalFarm.csproj", "{0B0792A1-9BED-4C40-BC35-0EC5DD55DB88}"
EndProject
Project("{9A19103F-16F7-4668-BE54-9A1E7A4F7556}") = "4.ShoppingSpree", "4.ShoppingSpree\4.ShoppingSpree.csproj", "{44B172BD-8765-4FA1-B2A1-C7F728A4C810}"
EndProject
Project("{FAE04EC0-301F-11D3-BF4B-00C04F79EFBC}") = "5.PizzaColories", "5.PizzaColories\5.PizzaColories.csproj", "{FB3FE82F-C0C2-4DAB-A13C-5FDDA93662EE}"
EndProject
Project("{FAE04EC0-301F-11D3-BF4B-00C04F79EFBC}") = "6.FootballTeamGenerator", "6.FootballTeamGenerator\6.FootballTeamGenerator.csproj", "{2A6D9547-9016-42A7-B990-0BB5227E7AF6}"
EndProject
Global
	GlobalSection(SolutionConfigurationPlatforms) = preSolution
		Debug|Any CPU = Debug|Any CPU
		Release|Any CPU = Release|Any CPU
	EndGlobalSection
	GlobalSection(ProjectConfigurationPlatforms) = postSolution
		{8FF598F9-748D-4C35-AC50-D6851ADDCD94}.Debug|Any CPU.ActiveCfg = Debug|Any CPU
		{8FF598F9-748D-4C35-AC50-D6851ADDCD94}.Debug|Any CPU.Build.0 = Debug|Any CPU
		{8FF598F9-748D-4C35-AC50-D6851ADDCD94}.Release|Any CPU.ActiveCfg = Release|Any CPU
		{8FF598F9-748D-4C35-AC50-D6851ADDCD94}.Release|Any CPU.Build.0 = Release|Any CPU
		{88BC0BAF-BF2D-4D33-9F10-7E59293DDE8D}.Debug|Any CPU.ActiveCfg = Debug|Any CPU
		{88BC0BAF-BF2D-4D33-9F10-7E59293DDE8D}.Debug|Any CPU.Build.0 = Debug|Any CPU
		{88BC0BAF-BF2D-4D33-9F10-7E59293DDE8D}.Release|Any CPU.ActiveCfg = Release|Any CPU
		{88BC0BAF-BF2D-4D33-9F10-7E59293DDE8D}.Release|Any CPU.Build.0 = Release|Any CPU
		{0B0792A1-9BED-4C40-BC35-0EC5DD55DB88}.Debug|Any CPU.ActiveCfg = Debug|Any CPU
		{0B0792A1-9BED-4C40-BC35-0EC5DD55DB88}.Debug|Any CPU.Build.0 = Debug|Any CPU
		{0B0792A1-9BED-4C40-BC35-0EC5DD55DB88}.Release|Any CPU.ActiveCfg = Release|Any CPU
		{0B0792A1-9BED-4C40-BC35-0EC5DD55DB88}.Release|Any CPU.Build.0 = Release|Any CPU
		{44B172BD-8765-4FA1-B2A1-C7F728A4C810}.Debug|Any CPU.ActiveCfg = Debug|Any CPU
		{44B172BD-8765-4FA1-B2A1-C7F728A4C810}.Debug|Any CPU.Build.0 = Debug|Any CPU
		{44B172BD-8765-4FA1-B2A1-C7F728A4C810}.Release|Any CPU.ActiveCfg = Release|Any CPU
		{44B172BD-8765-4FA1-B2A1-C7F728A4C810}.Release|Any CPU.Build.0 = Release|Any CPU
		{FB3FE82F-C0C2-4DAB-A13C-5FDDA93662EE}.Debug|Any CPU.ActiveCfg = Debug|Any CPU
		{FB3FE82F-C0C2-4DAB-A13C-5FDDA93662EE}.Debug|Any CPU.Build.0 = Debug|Any CPU
		{FB3FE82F-C0C2-4DAB-A13C-5FDDA93662EE}.Release|Any CPU.ActiveCfg = Release|Any CPU
		{FB3FE82F-C0C2-4DAB-A13C-5FDDA93662EE}.Release|Any CPU.Build.0 = Release|Any CPU
		{2A6D9547-9016-42A7-B990-0BB5227E7AF6}.Debug|Any CPU.ActiveCfg = Debug|Any CPU
		{2A6D9547-9016-42A7-B990-0BB5227E7AF6}.Debug|Any CPU.Build.0 = Debug|Any CPU
		{2A6D9547-9016-42A7-B990-0BB5227E7AF6}.Release|Any CPU.ActiveCfg = Release|Any CPU
		{2A6D9547-9016-42A7-B990-0BB5227E7AF6}.Release|Any CPU.Build.0 = Release|Any CPU
	EndGlobalSection
	GlobalSection(SolutionProperties) = preSolution
		HideSolutionNode = FALSE
	EndGlobalSection
	GlobalSection(ExtensibilityGlobals) = postSolution
		SolutionGuid = {A9B4B4D7-54C5-46C5-BDB8-F2B7A62E2013}
	EndGlobalSection
EndGlobal
