
Microsoft Visual Studio Solution File, Format Version 12.00
# Visual Studio Version 16
VisualStudioVersion = 16.0.29123.88
MinimumVisualStudioVersion = 10.0.40219.1
Project("{FAE04EC0-301F-11D3-BF4B-00C04F79EFBC}") = "1.SortEvenNumbers", "1.SortEvenNumbers\1.SortEvenNumbers.csproj", "{0460896F-4695-44BA-9210-5108FFA69E14}"
EndProject
Project("{FAE04EC0-301F-11D3-BF4B-00C04F79EFBC}") = "2.SumNumbers", "2.SumNumbers\2.SumNumbers.csproj", "{952406CD-F4D5-4403-8C42-9D85E7F842FD}"
EndProject
Project("{FAE04EC0-301F-11D3-BF4B-00C04F79EFBC}") = "3.CountUppercaseWords", "3.CountUppercaseWords\3.CountUppercaseWords.csproj", "{603A8005-AD8A-4308-987D-A6EAFEF32F47}"
EndProject
Project("{FAE04EC0-301F-11D3-BF4B-00C04F79EFBC}") = "4.AddVAT", "4.AddVAT\4.AddVAT.csproj", "{C077C92C-72F0-4C64-88AB-DEFF075C1FB2}"
EndProject
Project("{FAE04EC0-301F-11D3-BF4B-00C04F79EFBC}") = "5.FilterByAge", "5.FilterByAge\5.FilterByAge.csproj", "{F4F0ADDA-134F-42B6-8953-543BD83E3B5C}"
EndProject
Global
	GlobalSection(SolutionConfigurationPlatforms) = preSolution
		Debug|Any CPU = Debug|Any CPU
		Release|Any CPU = Release|Any CPU
	EndGlobalSection
	GlobalSection(ProjectConfigurationPlatforms) = postSolution
		{0460896F-4695-44BA-9210-5108FFA69E14}.Debug|Any CPU.ActiveCfg = Debug|Any CPU
		{0460896F-4695-44BA-9210-5108FFA69E14}.Debug|Any CPU.Build.0 = Debug|Any CPU
		{0460896F-4695-44BA-9210-5108FFA69E14}.Release|Any CPU.ActiveCfg = Release|Any CPU
		{0460896F-4695-44BA-9210-5108FFA69E14}.Release|Any CPU.Build.0 = Release|Any CPU
		{952406CD-F4D5-4403-8C42-9D85E7F842FD}.Debug|Any CPU.ActiveCfg = Debug|Any CPU
		{952406CD-F4D5-4403-8C42-9D85E7F842FD}.Debug|Any CPU.Build.0 = Debug|Any CPU
		{952406CD-F4D5-4403-8C42-9D85E7F842FD}.Release|Any CPU.ActiveCfg = Release|Any CPU
		{952406CD-F4D5-4403-8C42-9D85E7F842FD}.Release|Any CPU.Build.0 = Release|Any CPU
		{603A8005-AD8A-4308-987D-A6EAFEF32F47}.Debug|Any CPU.ActiveCfg = Debug|Any CPU
		{603A8005-AD8A-4308-987D-A6EAFEF32F47}.Debug|Any CPU.Build.0 = Debug|Any CPU
		{603A8005-AD8A-4308-987D-A6EAFEF32F47}.Release|Any CPU.ActiveCfg = Release|Any CPU
		{603A8005-AD8A-4308-987D-A6EAFEF32F47}.Release|Any CPU.Build.0 = Release|Any CPU
		{C077C92C-72F0-4C64-88AB-DEFF075C1FB2}.Debug|Any CPU.ActiveCfg = Debug|Any CPU
		{C077C92C-72F0-4C64-88AB-DEFF075C1FB2}.Debug|Any CPU.Build.0 = Debug|Any CPU
		{C077C92C-72F0-4C64-88AB-DEFF075C1FB2}.Release|Any CPU.ActiveCfg = Release|Any CPU
		{C077C92C-72F0-4C64-88AB-DEFF075C1FB2}.Release|Any CPU.Build.0 = Release|Any CPU
		{F4F0ADDA-134F-42B6-8953-543BD83E3B5C}.Debug|Any CPU.ActiveCfg = Debug|Any CPU
		{F4F0ADDA-134F-42B6-8953-543BD83E3B5C}.Debug|Any CPU.Build.0 = Debug|Any CPU
		{F4F0ADDA-134F-42B6-8953-543BD83E3B5C}.Release|Any CPU.ActiveCfg = Release|Any CPU
		{F4F0ADDA-134F-42B6-8953-543BD83E3B5C}.Release|Any CPU.Build.0 = Release|Any CPU
	EndGlobalSection
	GlobalSection(SolutionProperties) = preSolution
		HideSolutionNode = FALSE
	EndGlobalSection
	GlobalSection(ExtensibilityGlobals) = postSolution
		SolutionGuid = {4F165F11-DD51-42F6-BE9B-364DF19E9B9F}
	EndGlobalSection
EndGlobal
