
Microsoft Visual Studio Solution File, Format Version 12.00
# Visual Studio Version 16
VisualStudioVersion = 16.0.29123.88
MinimumVisualStudioVersion = 10.0.40219.1
Project("{FAE04EC0-301F-11D3-BF4B-00C04F79EFBC}") = "1.Car", "1.Car\1.Car.csproj", "{EF2ADC54-4529-4192-A080-9AF474161EB9}"
EndProject
Project("{FAE04EC0-301F-11D3-BF4B-00C04F79EFBC}") = "2.CarExtension", "2.CarExtension\2.CarExtension.csproj", "{BB38D2E4-71A2-4DF1-8E47-DDF95FA1245E}"
EndProject
Project("{FAE04EC0-301F-11D3-BF4B-00C04F79EFBC}") = "3.CarConstructors", "3.CarConstructors\3.CarConstructors.csproj", "{64D85DC3-59EC-4ED2-8677-2710AF3B96CC}"
EndProject
Project("{FAE04EC0-301F-11D3-BF4B-00C04F79EFBC}") = "4.CarEngineAndTires", "4.CarEngineAndTires\4.CarEngineAndTires.csproj", "{1A0F0946-7C1F-43F0-A719-BFDD64068DF8}"
EndProject
Project("{FAE04EC0-301F-11D3-BF4B-00C04F79EFBC}") = "5.SpecialCars", "5.SpecialCars\5.SpecialCars.csproj", "{28B9BD7F-8FC3-4885-9232-D058D48577B1}"
EndProject
Global
	GlobalSection(SolutionConfigurationPlatforms) = preSolution
		Debug|Any CPU = Debug|Any CPU
		Release|Any CPU = Release|Any CPU
	EndGlobalSection
	GlobalSection(ProjectConfigurationPlatforms) = postSolution
		{EF2ADC54-4529-4192-A080-9AF474161EB9}.Debug|Any CPU.ActiveCfg = Debug|Any CPU
		{EF2ADC54-4529-4192-A080-9AF474161EB9}.Debug|Any CPU.Build.0 = Debug|Any CPU
		{EF2ADC54-4529-4192-A080-9AF474161EB9}.Release|Any CPU.ActiveCfg = Release|Any CPU
		{EF2ADC54-4529-4192-A080-9AF474161EB9}.Release|Any CPU.Build.0 = Release|Any CPU
		{BB38D2E4-71A2-4DF1-8E47-DDF95FA1245E}.Debug|Any CPU.ActiveCfg = Debug|Any CPU
		{BB38D2E4-71A2-4DF1-8E47-DDF95FA1245E}.Debug|Any CPU.Build.0 = Debug|Any CPU
		{BB38D2E4-71A2-4DF1-8E47-DDF95FA1245E}.Release|Any CPU.ActiveCfg = Release|Any CPU
		{BB38D2E4-71A2-4DF1-8E47-DDF95FA1245E}.Release|Any CPU.Build.0 = Release|Any CPU
		{64D85DC3-59EC-4ED2-8677-2710AF3B96CC}.Debug|Any CPU.ActiveCfg = Debug|Any CPU
		{64D85DC3-59EC-4ED2-8677-2710AF3B96CC}.Debug|Any CPU.Build.0 = Debug|Any CPU
		{64D85DC3-59EC-4ED2-8677-2710AF3B96CC}.Release|Any CPU.ActiveCfg = Release|Any CPU
		{64D85DC3-59EC-4ED2-8677-2710AF3B96CC}.Release|Any CPU.Build.0 = Release|Any CPU
		{1A0F0946-7C1F-43F0-A719-BFDD64068DF8}.Debug|Any CPU.ActiveCfg = Debug|Any CPU
		{1A0F0946-7C1F-43F0-A719-BFDD64068DF8}.Debug|Any CPU.Build.0 = Debug|Any CPU
		{1A0F0946-7C1F-43F0-A719-BFDD64068DF8}.Release|Any CPU.ActiveCfg = Release|Any CPU
		{1A0F0946-7C1F-43F0-A719-BFDD64068DF8}.Release|Any CPU.Build.0 = Release|Any CPU
		{28B9BD7F-8FC3-4885-9232-D058D48577B1}.Debug|Any CPU.ActiveCfg = Debug|Any CPU
		{28B9BD7F-8FC3-4885-9232-D058D48577B1}.Debug|Any CPU.Build.0 = Debug|Any CPU
		{28B9BD7F-8FC3-4885-9232-D058D48577B1}.Release|Any CPU.ActiveCfg = Release|Any CPU
		{28B9BD7F-8FC3-4885-9232-D058D48577B1}.Release|Any CPU.Build.0 = Release|Any CPU
	EndGlobalSection
	GlobalSection(SolutionProperties) = preSolution
		HideSolutionNode = FALSE
	EndGlobalSection
	GlobalSection(ExtensibilityGlobals) = postSolution
		SolutionGuid = {CB4D54B0-B1A6-4B08-A631-F59F13126C9C}
	EndGlobalSection
EndGlobal
