
Microsoft Visual Studio Solution File, Format Version 12.00
# Visual Studio Version 16
VisualStudioVersion = 16.0.29215.179
MinimumVisualStudioVersion = 10.0.40219.1
Project("{FAE04EC0-301F-11D3-BF4B-00C04F79EFBC}") = "1.SquareRoot", "1.SquareRoot\1.SquareRoot.csproj", "{719A7AC0-BC91-4F91-BEC5-37A3EBCE4C7C}"
EndProject
Project("{FAE04EC0-301F-11D3-BF4B-00C04F79EFBC}") = "2.EnterNumbers", "2.EnterNumbers\2.EnterNumbers.csproj", "{DCC31E76-B4C9-45D3-87F0-9A71151DBA16}"
EndProject
Project("{FAE04EC0-301F-11D3-BF4B-00C04F79EFBC}") = "3.Fixing", "3.Fixing\3.Fixing.csproj", "{0DF38E21-11D4-42AA-93F3-2726E9504CCC}"
EndProject
Global
	GlobalSection(SolutionConfigurationPlatforms) = preSolution
		Debug|Any CPU = Debug|Any CPU
		Release|Any CPU = Release|Any CPU
	EndGlobalSection
	GlobalSection(ProjectConfigurationPlatforms) = postSolution
		{719A7AC0-BC91-4F91-BEC5-37A3EBCE4C7C}.Debug|Any CPU.ActiveCfg = Debug|Any CPU
		{719A7AC0-BC91-4F91-BEC5-37A3EBCE4C7C}.Debug|Any CPU.Build.0 = Debug|Any CPU
		{719A7AC0-BC91-4F91-BEC5-37A3EBCE4C7C}.Release|Any CPU.ActiveCfg = Release|Any CPU
		{719A7AC0-BC91-4F91-BEC5-37A3EBCE4C7C}.Release|Any CPU.Build.0 = Release|Any CPU
		{DCC31E76-B4C9-45D3-87F0-9A71151DBA16}.Debug|Any CPU.ActiveCfg = Debug|Any CPU
		{DCC31E76-B4C9-45D3-87F0-9A71151DBA16}.Debug|Any CPU.Build.0 = Debug|Any CPU
		{DCC31E76-B4C9-45D3-87F0-9A71151DBA16}.Release|Any CPU.ActiveCfg = Release|Any CPU
		{DCC31E76-B4C9-45D3-87F0-9A71151DBA16}.Release|Any CPU.Build.0 = Release|Any CPU
		{0DF38E21-11D4-42AA-93F3-2726E9504CCC}.Debug|Any CPU.ActiveCfg = Debug|Any CPU
		{0DF38E21-11D4-42AA-93F3-2726E9504CCC}.Debug|Any CPU.Build.0 = Debug|Any CPU
		{0DF38E21-11D4-42AA-93F3-2726E9504CCC}.Release|Any CPU.ActiveCfg = Release|Any CPU
		{0DF38E21-11D4-42AA-93F3-2726E9504CCC}.Release|Any CPU.Build.0 = Release|Any CPU
	EndGlobalSection
	GlobalSection(SolutionProperties) = preSolution
		HideSolutionNode = FALSE
	EndGlobalSection
	GlobalSection(ExtensibilityGlobals) = postSolution
		SolutionGuid = {38E4B4E9-ACA4-4F2F-9561-90FB6357A94F}
	EndGlobalSection
EndGlobal
