
Microsoft Visual Studio Solution File, Format Version 12.00
# Visual Studio Version 16
VisualStudioVersion = 16.0.31605.320
MinimumVisualStudioVersion = 10.0.40219.1
Project("{9A19103F-16F7-4668-BE54-9A1E7A4F7556}") = "01.Bombs", "01.Bombs\01.Bombs.csproj", "{61C782C7-F81B-42E7-B9F7-B87E56C79886}"
EndProject
Project("{FAE04EC0-301F-11D3-BF4B-00C04F79EFBC}") = "02.Snake", "02.Snake\02.Snake.csproj", "{C8C45C3C-FE45-4370-9404-4C9575B6148D}"
EndProject
Project("{FAE04EC0-301F-11D3-BF4B-00C04F79EFBC}") = "03.Parking", "03.Parking\03.Parking.csproj", "{AF4F7E1B-1772-4B4A-BBFC-6C7B95700D27}"
EndProject
Global
	GlobalSection(SolutionConfigurationPlatforms) = preSolution
		Debug|Any CPU = Debug|Any CPU
		Release|Any CPU = Release|Any CPU
	EndGlobalSection
	GlobalSection(ProjectConfigurationPlatforms) = postSolution
		{61C782C7-F81B-42E7-B9F7-B87E56C79886}.Debug|Any CPU.ActiveCfg = Debug|Any CPU
		{61C782C7-F81B-42E7-B9F7-B87E56C79886}.Debug|Any CPU.Build.0 = Debug|Any CPU
		{61C782C7-F81B-42E7-B9F7-B87E56C79886}.Release|Any CPU.ActiveCfg = Release|Any CPU
		{61C782C7-F81B-42E7-B9F7-B87E56C79886}.Release|Any CPU.Build.0 = Release|Any CPU
		{C8C45C3C-FE45-4370-9404-4C9575B6148D}.Debug|Any CPU.ActiveCfg = Debug|Any CPU
		{C8C45C3C-FE45-4370-9404-4C9575B6148D}.Debug|Any CPU.Build.0 = Debug|Any CPU
		{C8C45C3C-FE45-4370-9404-4C9575B6148D}.Release|Any CPU.ActiveCfg = Release|Any CPU
		{C8C45C3C-FE45-4370-9404-4C9575B6148D}.Release|Any CPU.Build.0 = Release|Any CPU
		{AF4F7E1B-1772-4B4A-BBFC-6C7B95700D27}.Debug|Any CPU.ActiveCfg = Debug|Any CPU
		{AF4F7E1B-1772-4B4A-BBFC-6C7B95700D27}.Debug|Any CPU.Build.0 = Debug|Any CPU
		{AF4F7E1B-1772-4B4A-BBFC-6C7B95700D27}.Release|Any CPU.ActiveCfg = Release|Any CPU
		{AF4F7E1B-1772-4B4A-BBFC-6C7B95700D27}.Release|Any CPU.Build.0 = Release|Any CPU
	EndGlobalSection
	GlobalSection(SolutionProperties) = preSolution
		HideSolutionNode = FALSE
	EndGlobalSection
	GlobalSection(ExtensibilityGlobals) = postSolution
		SolutionGuid = {15DA1B6A-94C7-4FF6-BBA0-49251F4CA9DF}
	EndGlobalSection
EndGlobal
