
Microsoft Visual Studio Solution File, Format Version 12.00
# Visual Studio Version 16
VisualStudioVersion = 16.0.31605.320
MinimumVisualStudioVersion = 10.0.40219.1
Project("{FAE04EC0-301F-11D3-BF4B-00C04F79EFBC}") = "01.Lootbox", "01.Lootbox\01.Lootbox.csproj", "{EB5DC612-39AF-4D65-91AB-EF20F0225D64}"
EndProject
Project("{FAE04EC0-301F-11D3-BF4B-00C04F79EFBC}") = "02.Re-Volt", "02.Re-Volt\02.Re-Volt.csproj", "{36A5F941-2CEE-40A0-B2C3-8997BD3D05D3}"
EndProject
Project("{FAE04EC0-301F-11D3-BF4B-00C04F79EFBC}") = "03.Guild", "03.Guild\03.Guild.csproj", "{7E7BF1C3-0E75-434A-BCD6-117A98AA5E70}"
EndProject
Global
	GlobalSection(SolutionConfigurationPlatforms) = preSolution
		Debug|Any CPU = Debug|Any CPU
		Release|Any CPU = Release|Any CPU
	EndGlobalSection
	GlobalSection(ProjectConfigurationPlatforms) = postSolution
		{EB5DC612-39AF-4D65-91AB-EF20F0225D64}.Debug|Any CPU.ActiveCfg = Debug|Any CPU
		{EB5DC612-39AF-4D65-91AB-EF20F0225D64}.Debug|Any CPU.Build.0 = Debug|Any CPU
		{EB5DC612-39AF-4D65-91AB-EF20F0225D64}.Release|Any CPU.ActiveCfg = Release|Any CPU
		{EB5DC612-39AF-4D65-91AB-EF20F0225D64}.Release|Any CPU.Build.0 = Release|Any CPU
		{36A5F941-2CEE-40A0-B2C3-8997BD3D05D3}.Debug|Any CPU.ActiveCfg = Debug|Any CPU
		{36A5F941-2CEE-40A0-B2C3-8997BD3D05D3}.Debug|Any CPU.Build.0 = Debug|Any CPU
		{36A5F941-2CEE-40A0-B2C3-8997BD3D05D3}.Release|Any CPU.ActiveCfg = Release|Any CPU
		{36A5F941-2CEE-40A0-B2C3-8997BD3D05D3}.Release|Any CPU.Build.0 = Release|Any CPU
		{7E7BF1C3-0E75-434A-BCD6-117A98AA5E70}.Debug|Any CPU.ActiveCfg = Debug|Any CPU
		{7E7BF1C3-0E75-434A-BCD6-117A98AA5E70}.Debug|Any CPU.Build.0 = Debug|Any CPU
		{7E7BF1C3-0E75-434A-BCD6-117A98AA5E70}.Release|Any CPU.ActiveCfg = Release|Any CPU
		{7E7BF1C3-0E75-434A-BCD6-117A98AA5E70}.Release|Any CPU.Build.0 = Release|Any CPU
	EndGlobalSection
	GlobalSection(SolutionProperties) = preSolution
		HideSolutionNode = FALSE
	EndGlobalSection
	GlobalSection(ExtensibilityGlobals) = postSolution
		SolutionGuid = {629A229C-F2D7-4071-8EB0-3A7922223CC0}
	EndGlobalSection
EndGlobal
