
Microsoft Visual Studio Solution File, Format Version 12.00
# Visual Studio Version 16
VisualStudioVersion = 16.0.29215.179
MinimumVisualStudioVersion = 10.0.40219.1
Project("{FAE04EC0-301F-11D3-BF4B-00C04F79EFBC}") = "1.Logger", "1.Logger\1.Logger.csproj", "{24FC9F86-9DF3-4BD4-84DF-1C1317C86103}"
EndProject
Global
	GlobalSection(SolutionConfigurationPlatforms) = preSolution
		Debug|Any CPU = Debug|Any CPU
		Release|Any CPU = Release|Any CPU
	EndGlobalSection
	GlobalSection(ProjectConfigurationPlatforms) = postSolution
		{24FC9F86-9DF3-4BD4-84DF-1C1317C86103}.Debug|Any CPU.ActiveCfg = Debug|Any CPU
		{24FC9F86-9DF3-4BD4-84DF-1C1317C86103}.Debug|Any CPU.Build.0 = Debug|Any CPU
		{24FC9F86-9DF3-4BD4-84DF-1C1317C86103}.Release|Any CPU.ActiveCfg = Release|Any CPU
		{24FC9F86-9DF3-4BD4-84DF-1C1317C86103}.Release|Any CPU.Build.0 = Release|Any CPU
	EndGlobalSection
	GlobalSection(SolutionProperties) = preSolution
		HideSolutionNode = FALSE
	EndGlobalSection
	GlobalSection(ExtensibilityGlobals) = postSolution
		SolutionGuid = {52EE8B07-4EEE-4BB7-8582-FDB11B449196}
	EndGlobalSection
EndGlobal
